
Microsoft Visual Studio Solution File, Format Version 12.00
# Visual Studio Version 17
VisualStudioVersion = 17.14.36301.6 d17.14
MinimumVisualStudioVersion = 10.0.40219.1
Project("{FAE04EC0-301F-11D3-BF4B-00C04F79EFBC}") = "WebApplication1", "WebApplication1\WebApplication1.csproj", "{A57B8AC6-9AEF-4C87-887D-AB0A76D7EBB3}"
EndProject
Global
	GlobalSection(SolutionConfigurationPlatforms) = preSolution
		Debug|Any CPU = Debug|Any CPU
		Release|Any CPU = Release|Any CPU
	EndGlobalSection
	GlobalSection(ProjectConfigurationPlatforms) = postSolution
		{A57B8AC6-9AEF-4C87-887D-AB0A76D7EBB3}.Debug|Any CPU.ActiveCfg = Debug|Any CPU
		{A57B8AC6-9AEF-4C87-887D-AB0A76D7EBB3}.Debug|Any CPU.Build.0 = Debug|Any CPU
		{A57B8AC6-9AEF-4C87-887D-AB0A76D7EBB3}.Release|Any CPU.ActiveCfg = Release|Any CPU
		{A57B8AC6-9AEF-4C87-887D-AB0A76D7EBB3}.Release|Any CPU.Build.0 = Release|Any CPU
	EndGlobalSection
	GlobalSection(SolutionProperties) = preSolution
		HideSolutionNode = FALSE
	EndGlobalSection
	GlobalSection(ExtensibilityGlobals) = postSolution
		SolutionGuid = {02DF5CA0-E7DA-4D81-ACA2-8B76DBD46779}
	EndGlobalSection
EndGlobal
